// !$*UTF8*$!
{
	archiveVersion = 1;
	classes = {
	};
	objectVersion = 56;
	objects = {

/* Begin PBXBuildFile section */
		574E1BFD2AD9C3B9007146C3 /* ulut0002_mad9137_assignment_1App.swift in Sources */ = {isa = PBXBuildFile; fileRef = 574E1BFC2AD9C3B9007146C3 /* ulut0002_mad9137_assignment_1App.swift */; };
		574E1BFF2AD9C3B9007146C3 /* ContentView.swift in Sources */ = {isa = PBXBuildFile; fileRef = 574E1BFE2AD9C3B9007146C3 /* ContentView.swift */; };
		574E1C012AD9C3BA007146C3 /* Assets.xcassets in Resources */ = {isa = PBXBuildFile; fileRef = 574E1C002AD9C3BA007146C3 /* Assets.xcassets */; };
		574E1C042AD9C3BA007146C3 /* Preview Assets.xcassets in Resources */ = {isa = PBXBuildFile; fileRef = 574E1C032AD9C3BA007146C3 /* Preview Assets.xcassets */; };
		574E1C0E2AD9C3BA007146C3 /* ulut0002_mad9137_assignment_1Tests.swift in Sources */ = {isa = PBXBuildFile; fileRef = 574E1C0D2AD9C3BA007146C3 /* ulut0002_mad9137_assignment_1Tests.swift */; };
		574E1C182AD9C3BA007146C3 /* ulut0002_mad9137_assignment_1UITests.swift in Sources */ = {isa = PBXBuildFile; fileRef = 574E1C172AD9C3BA007146C3 /* ulut0002_mad9137_assignment_1UITests.swift */; };
		574E1C1A2AD9C3BA007146C3 /* ulut0002_mad9137_assignment_1UITestsLaunchTests.swift in Sources */ = {isa = PBXBuildFile; fileRef = 574E1C192AD9C3BA007146C3 /* ulut0002_mad9137_assignment_1UITestsLaunchTests.swift */; };
		577E26002C1FA52C00CCD087 /* image1.png in Resources */ = {isa = PBXBuildFile; fileRef = 577E25FE2C1FA52C00CCD087 /* image1.png */; };
		577E26012C1FA52C00CCD087 /* image2.png in Resources */ = {isa = PBXBuildFile; fileRef = 577E25FF2C1FA52C00CCD087 /* image2.png */; };
		57F2F2B82ADDE2C500E63CDC /* functions.swift in Sources */ = {isa = PBXBuildFile; fileRef = 57F2F2B72ADDE2C500E63CDC /* functions.swift */; };
/* End PBXBuildFile section */

/* Begin PBXContainerItemProxy section */
		574E1C0A2AD9C3BA007146C3 /* PBXContainerItemProxy */ = {
			isa = PBXContainerItemProxy;
			containerPortal = 574E1BF12AD9C3B9007146C3 /* Project object */;
			proxyType = 1;
			remoteGlobalIDString = 574E1BF82AD9C3B9007146C3;
			remoteInfo = "ulut0002-mad9137-assignment-1";
		};
		574E1C142AD9C3BA007146C3 /* PBXContainerItemProxy */ = {
			isa = PBXContainerItemProxy;
			containerPortal = 574E1BF12AD9C3B9007146C3 /* Project object */;
			proxyType = 1;
			remoteGlobalIDString = 574E1BF82AD9C3B9007146C3;
			remoteInfo = "ulut0002-mad9137-assignment-1";
		};
/* End PBXContainerItemProxy section */

/* Begin PBXFileReference section */
		574E1BF92AD9C3B9007146C3 /* ulut0002-mad9137-assignment-1.app */ = {isa = PBXFileReference; explicitFileType = wrapper.application; includeInIndex = 0; path = "ulut0002-mad9137-assignment-1.app"; sourceTree = BUILT_PRODUCTS_DIR; };
		574E1BFC2AD9C3B9007146C3 /* ulut0002_mad9137_assignment_1App.swift */ = {isa = PBXFileReference; lastKnownFileType = sourcecode.swift; path = ulut0002_mad9137_assignment_1App.swift; sourceTree = "<group>"; };
		574E1BFE2AD9C3B9007146C3 /* ContentView.swift */ = {isa = PBXFileReference; lastKnownFileType = sourcecode.swift; path = ContentView.swift; sourceTree = "<group>"; };
		574E1C002AD9C3BA007146C3 /* Assets.xcassets */ = {isa = PBXFileReference; lastKnownFileType = folder.assetcatalog; path = Assets.xcassets; sourceTree = "<group>"; };
		574E1C032AD9C3BA007146C3 /* Preview Assets.xcassets */ = {isa = PBXFileReference; lastKnownFileType = folder.assetcatalog; path = "Preview Assets.xcassets"; sourceTree = "<group>"; };
		574E1C092AD9C3BA007146C3 /* ulut0002-mad9137-assignment-1Tests.xctest */ = {isa = PBXFileReference; explicitFileType = wrapper.cfbundle; includeInIndex = 0; path = "ulut0002-mad9137-assignment-1Tests.xctest"; sourceTree = BUILT_PRODUCTS_DIR; };
		574E1C0D2AD9C3BA007146C3 /* ulut0002_mad9137_assignment_1Tests.swift */ = {isa = PBXFileReference; lastKnownFileType = sourcecode.swift; path = ulut0002_mad9137_assignment_1Tests.swift; sourceTree = "<group>"; };
		574E1C132AD9C3BA007146C3 /* ulut0002-mad9137-assignment-1UITests.xctest */ = {isa = PBXFileReference; explicitFileType = wrapper.cfbundle; includeInIndex = 0; path = "ulut0002-mad9137-assignment-1UITests.xctest"; sourceTree = BUILT_PRODUCTS_DIR; };
		574E1C172AD9C3BA007146C3 /* ulut0002_mad9137_assignment_1UITests.swift */ = {isa = PBXFileReference; lastKnownFileType = sourcecode.swift; path = ulut0002_mad9137_assignment_1UITests.swift; sourceTree = "<group>"; };
		574E1C192AD9C3BA007146C3 /* ulut0002_mad9137_assignment_1UITestsLaunchTests.swift */ = {isa = PBXFileReference; lastKnownFileType = sourcecode.swift; path = ulut0002_mad9137_assignment_1UITestsLaunchTests.swift; sourceTree = "<group>"; };
		577E25FB2C1F659400CCD087 /* README.md */ = {isa = PBXFileReference; lastKnownFileType = net.daringfireball.markdown; path = README.md; sourceTree = "<group>"; };
		577E25FE2C1FA52C00CCD087 /* image1.png */ = {isa = PBXFileReference; lastKnownFileType = image.png; path = image1.png; sourceTree = "<group>"; };
		577E25FF2C1FA52C00CCD087 /* image2.png */ = {isa = PBXFileReference; lastKnownFileType = image.png; path = image2.png; sourceTree = "<group>"; };
		57F2F2B72ADDE2C500E63CDC /* functions.swift */ = {isa = PBXFileReference; lastKnownFileType = sourcecode.swift; path = functions.swift; sourceTree = "<group>"; };
/* End PBXFileReference section */

/* Begin PBXFrameworksBuildPhase section */
		574E1BF62AD9C3B9007146C3 /* Frameworks */ = {
			isa = PBXFrameworksBuildPhase;
			buildActionMask = 2147483647;
			files = (
			);
			runOnlyForDeploymentPostprocessing = 0;
		};
		574E1C062AD9C3BA007146C3 /* Frameworks */ = {
			isa = PBXFrameworksBuildPhase;
			buildActionMask = 2147483647;
			files = (
			);
			runOnlyForDeploymentPostprocessing = 0;
		};
		574E1C102AD9C3BA007146C3 /* Frameworks */ = {
			isa = PBXFrameworksBuildPhase;
			buildActionMask = 2147483647;
			files = (
			);
			runOnlyForDeploymentPostprocessing = 0;
		};
/* End PBXFrameworksBuildPhase section */

/* Begin PBXGroup section */
		574E1BF02AD9C3B9007146C3 = {
			isa = PBXGroup;
			children = (
				577E25FD2C1FA52100CCD087 /* Assets */,
				577E25FB2C1F659400CCD087 /* README.md */,
				574E1BFB2AD9C3B9007146C3 /* ulut0002-mad9137-assignment-1 */,
				574E1C0C2AD9C3BA007146C3 /* ulut0002-mad9137-assignment-1Tests */,
				574E1C162AD9C3BA007146C3 /* ulut0002-mad9137-assignment-1UITests */,
				574E1BFA2AD9C3B9007146C3 /* Products */,
			);
			sourceTree = "<group>";
		};
		574E1BFA2AD9C3B9007146C3 /* Products */ = {
			isa = PBXGroup;
			children = (
				574E1BF92AD9C3B9007146C3 /* ulut0002-mad9137-assignment-1.app */,
				574E1C092AD9C3BA007146C3 /* ulut0002-mad9137-assignment-1Tests.xctest */,
				574E1C132AD9C3BA007146C3 /* ulut0002-mad9137-assignment-1UITests.xctest */,
			);
			name = Products;
			sourceTree = "<group>";
		};
		574E1BFB2AD9C3B9007146C3 /* ulut0002-mad9137-assignment-1 */ = {
			isa = PBXGroup;
			children = (
				57F2F2B72ADDE2C500E63CDC /* functions.swift */,
				574E1BFC2AD9C3B9007146C3 /* ulut0002_mad9137_assignment_1App.swift */,
				574E1BFE2AD9C3B9007146C3 /* ContentView.swift */,
				574E1C002AD9C3BA007146C3 /* Assets.xcassets */,
				574E1C022AD9C3BA007146C3 /* Preview Content */,
			);
			path = "ulut0002-mad9137-assignment-1";
			sourceTree = "<group>";
		};
		574E1C022AD9C3BA007146C3 /* Preview Content */ = {
			isa = PBXGroup;
			children = (
				574E1C032AD9C3BA007146C3 /* Preview Assets.xcassets */,
			);
			path = "Preview Content";
			sourceTree = "<group>";
		};
		574E1C0C2AD9C3BA007146C3 /* ulut0002-mad9137-assignment-1Tests */ = {
			isa = PBXGroup;
			children = (
				574E1C0D2AD9C3BA007146C3 /* ulut0002_mad9137_assignment_1Tests.swift */,
			);
			path = "ulut0002-mad9137-assignment-1Tests";
			sourceTree = "<group>";
		};
		574E1C162AD9C3BA007146C3 /* ulut0002-mad9137-assignment-1UITests */ = {
			isa = PBXGroup;
			children = (
				574E1C172AD9C3BA007146C3 /* ulut0002_mad9137_assignment_1UITests.swift */,
				574E1C192AD9C3BA007146C3 /* ulut0002_mad9137_assignment_1UITestsLaunchTests.swift */,
			);
			path = "ulut0002-mad9137-assignment-1UITests";
			sourceTree = "<group>";
		};
		577E25FD2C1FA52100CCD087 /* Assets */ = {
			isa = PBXGroup;
			children = (
				577E25FE2C1FA52C00CCD087 /* image1.png */,
				577E25FF2C1FA52C00CCD087 /* image2.png */,
			);
			path = Assets;
			sourceTree = "<group>";
		};
/* End PBXGroup section */

/* Begin PBXNativeTarget section */
		574E1BF82AD9C3B9007146C3 /* ulut0002-mad9137-assignment-1 */ = {
			isa = PBXNativeTarget;
			buildConfigurationList = 574E1C1D2AD9C3BA007146C3 /* Build configuration list for PBXNativeTarget "ulut0002-mad9137-assignment-1" */;
			buildPhases = (
				574E1BF52AD9C3B9007146C3 /* Sources */,
				574E1BF62AD9C3B9007146C3 /* Frameworks */,
				574E1BF72AD9C3B9007146C3 /* Resources */,
			);
			buildRules = (
			);
			dependencies = (
			);
			name = "ulut0002-mad9137-assignment-1";
			productName = "ulut0002-mad9137-assignment-1";
			productReference = 574E1BF92AD9C3B9007146C3 /* ulut0002-mad9137-assignment-1.app */;
			productType = "com.apple.product-type.application";
		};
		574E1C082AD9C3BA007146C3 /* ulut0002-mad9137-assignment-1Tests */ = {
			isa = PBXNativeTarget;
			buildConfigurationList = 574E1C202AD9C3BA007146C3 /* Build configuration list for PBXNativeTarget "ulut0002-mad9137-assignment-1Tests" */;
			buildPhases = (
				574E1C052AD9C3BA007146C3 /* Sources */,
				574E1C062AD9C3BA007146C3 /* Frameworks */,
				574E1C072AD9C3BA007146C3 /* Resources */,
			);
			buildRules = (
			);
			dependencies = (
				574E1C0B2AD9C3BA007146C3 /* PBXTargetDependency */,
			);
			name = "ulut0002-mad9137-assignment-1Tests";
			productName = "ulut0002-mad9137-assignment-1Tests";
			productReference = 574E1C092AD9C3BA007146C3 /* ulut0002-mad9137-assignment-1Tests.xctest */;
			productType = "com.apple.product-type.bundle.unit-test";
		};
		574E1C122AD9C3BA007146C3 /* ulut0002-mad9137-assignment-1UITests */ = {
			isa = PBXNativeTarget;
			buildConfigurationList = 574E1C232AD9C3BA007146C3 /* Build configuration list for PBXNativeTarget "ulut0002-mad9137-assignment-1UITests" */;
			buildPhases = (
				574E1C0F2AD9C3BA007146C3 /* Sources */,
				574E1C102AD9C3BA007146C3 /* Frameworks */,
				574E1C112AD9C3BA007146C3 /* Resources */,
			);
			buildRules = (
			);
			dependencies = (
				574E1C152AD9C3BA007146C3 /* PBXTargetDependency */,
			);
			name = "ulut0002-mad9137-assignment-1UITests";
			productName = "ulut0002-mad9137-assignment-1UITests";
			productReference = 574E1C132AD9C3BA007146C3 /* ulut0002-mad9137-assignment-1UITests.xctest */;
			productType = "com.apple.product-type.bundle.ui-testing";
		};
/* End PBXNativeTarget section */

/* Begin PBXProject section */
		574E1BF12AD9C3B9007146C3 /* Project object */ = {
			isa = PBXProject;
			attributes = {
				BuildIndependentTargetsInParallel = 1;
				LastSwiftUpdateCheck = 1500;
				LastUpgradeCheck = 1500;
				TargetAttributes = {
					574E1BF82AD9C3B9007146C3 = {
						CreatedOnToolsVersion = 15.0;
					};
					574E1C082AD9C3BA007146C3 = {
						CreatedOnToolsVersion = 15.0;
						TestTargetID = 574E1BF82AD9C3B9007146C3;
					};
					574E1C122AD9C3BA007146C3 = {
						CreatedOnToolsVersion = 15.0;
						TestTargetID = 574E1BF82AD9C3B9007146C3;
					};
				};
			};
			buildConfigurationList = 574E1BF42AD9C3B9007146C3 /* Build configuration list for PBXProject "ulut0002-mad9137-assignment-1" */;
			compatibilityVersion = "Xcode 14.0";
			developmentRegion = en;
			hasScannedForEncodings = 0;
			knownRegions = (
				en,
				Base,
			);
			mainGroup = 574E1BF02AD9C3B9007146C3;
			productRefGroup = 574E1BFA2AD9C3B9007146C3 /* Products */;
			projectDirPath = "";
			projectRoot = "";
			targets = (
				574E1BF82AD9C3B9007146C3 /* ulut0002-mad9137-assignment-1 */,
				574E1C082AD9C3BA007146C3 /* ulut0002-mad9137-assignment-1Tests */,
				574E1C122AD9C3BA007146C3 /* ulut0002-mad9137-assignment-1UITests */,
			);
		};
/* End PBXProject section */

/* Begin PBXResourcesBuildPhase section */
		574E1BF72AD9C3B9007146C3 /* Resources */ = {
			isa = PBXResourcesBuildPhase;
			buildActionMask = 2147483647;
			files = (
				577E26002C1FA52C00CCD087 /* image1.png in Resources */,
				574E1C042AD9C3BA007146C3 /* Preview Assets.xcassets in Resources */,
				577E26012C1FA52C00CCD087 /* image2.png in Resources */,
				574E1C012AD9C3BA007146C3 /* Assets.xcassets in Resources */,
			);
			runOnlyForDeploymentPostprocessing = 0;
		};
		574E1C072AD9C3BA007146C3 /* Resources */ = {
			isa = PBXResourcesBuildPhase;
			buildActionMask = 2147483647;
			files = (
			);
			runOnlyForDeploymentPostprocessing = 0;
		};
		574E1C112AD9C3BA007146C3 /* Resources */ = {
			isa = PBXResourcesBuildPhase;
			buildActionMask = 2147483647;
			files = (
			);
			runOnlyForDeploymentPostprocessing = 0;
		};
/* End PBXResourcesBuildPhase section */

/* Begin PBXSourcesBuildPhase section */
		574E1BF52AD9C3B9007146C3 /* Sources */ = {
			isa = PBXSourcesBuildPhase;
			buildActionMask = 2147483647;
			files = (
				574E1BFF2AD9C3B9007146C3 /* ContentView.swift in Sources */,
				574E1BFD2AD9C3B9007146C3 /* ulut0002_mad9137_assignment_1App.swift in Sources */,
				57F2F2B82ADDE2C500E63CDC /* functions.swift in Sources */,
			);
			runOnlyForDeploymentPostprocessing = 0;
		};
		574E1C052AD9C3BA007146C3 /* Sources */ = {
			isa = PBXSourcesBuildPhase;
			buildActionMask = 2147483647;
			files = (
				574E1C0E2AD9C3BA007146C3 /* ulut0002_mad9137_assignment_1Tests.swift in Sources */,
			);
			runOnlyForDeploymentPostprocessing = 0;
		};
		574E1C0F2AD9C3BA007146C3 /* Sources */ = {
			isa = PBXSourcesBuildPhase;
			buildActionMask = 2147483647;
			files = (
				574E1C1A2AD9C3BA007146C3 /* ulut0002_mad9137_assignment_1UITestsLaunchTests.swift in Sources */,
				574E1C182AD9C3BA007146C3 /* ulut0002_mad9137_assignment_1UITests.swift in Sources */,
			);
			runOnlyForDeploymentPostprocessing = 0;
		};
/* End PBXSourcesBuildPhase section */

/* Begin PBXTargetDependency section */
		574E1C0B2AD9C3BA007146C3 /* PBXTargetDependency */ = {
			isa = PBXTargetDependency;
			target = 574E1BF82AD9C3B9007146C3 /* ulut0002-mad9137-assignment-1 */;
			targetProxy = 574E1C0A2AD9C3BA007146C3 /* PBXContainerItemProxy */;
		};
		574E1C152AD9C3BA007146C3 /* PBXTargetDependency */ = {
			isa = PBXTargetDependency;
			target = 574E1BF82AD9C3B9007146C3 /* ulut0002-mad9137-assignment-1 */;
			targetProxy = 574E1C142AD9C3BA007146C3 /* PBXContainerItemProxy */;
		};
/* End PBXTargetDependency section */

/* Begin XCBuildConfiguration section */
		574E1C1B2AD9C3BA007146C3 /* Debug */ = {
			isa = XCBuildConfiguration;
			buildSettings = {
				ALWAYS_SEARCH_USER_PATHS = NO;
				ASSETCATALOG_COMPILER_GENERATE_SWIFT_ASSET_SYMBOL_EXTENSIONS = YES;
				CLANG_ANALYZER_NONNULL = YES;
				CLANG_ANALYZER_NUMBER_OBJECT_CONVERSION = YES_AGGRESSIVE;
				CLANG_CXX_LANGUAGE_STANDARD = "gnu++20";
				CLANG_ENABLE_MODULES = YES;
				CLANG_ENABLE_OBJC_ARC = YES;
				CLANG_ENABLE_OBJC_WEAK = YES;
				CLANG_WARN_BLOCK_CAPTURE_AUTORELEASING = YES;
				CLANG_WARN_BOOL_CONVERSION = YES;
				CLANG_WARN_COMMA = YES;
				CLANG_WARN_CONSTANT_CONVERSION = YES;
				CLANG_WARN_DEPRECATED_OBJC_IMPLEMENTATIONS = YES;
				CLANG_WARN_DIRECT_OBJC_ISA_USAGE = YES_ERROR;
				CLANG_WARN_DOCUMENTATION_COMMENTS = YES;
				CLANG_WARN_EMPTY_BODY = YES;
				CLANG_WARN_ENUM_CONVERSION = YES;
				CLANG_WARN_INFINITE_RECURSION = YES;
				CLANG_WARN_INT_CONVERSION = YES;
				CLANG_WARN_NON_LITERAL_NULL_CONVERSION = YES;
				CLANG_WARN_OBJC_IMPLICIT_RETAIN_SELF = YES;
				CLANG_WARN_OBJC_LITERAL_CONVERSION = YES;
				CLANG_WARN_OBJC_ROOT_CLASS = YES_ERROR;
				CLANG_WARN_QUOTED_INCLUDE_IN_FRAMEWORK_HEADER = YES;
				CLANG_WARN_RANGE_LOOP_ANALYSIS = YES;
				CLANG_WARN_STRICT_PROTOTYPES = YES;
				CLANG_WARN_SUSPICIOUS_MOVE = YES;
				CLANG_WARN_UNGUARDED_AVAILABILITY = YES_AGGRESSIVE;
				CLANG_WARN_UNREACHABLE_CODE = YES;
				CLANG_WARN__DUPLICATE_METHOD_MATCH = YES;
				COPY_PHASE_STRIP = NO;
				DEBUG_INFORMATION_FORMAT = dwarf;
				ENABLE_STRICT_OBJC_MSGSEND = YES;
				ENABLE_TESTABILITY = YES;
				ENABLE_USER_SCRIPT_SANDBOXING = YES;
				GCC_C_LANGUAGE_STANDARD = gnu17;
				GCC_DYNAMIC_NO_PIC = NO;
				GCC_NO_COMMON_BLOCKS = YES;
				GCC_OPTIMIZATION_LEVEL = 0;
				GCC_PREPROCESSOR_DEFINITIONS = (
					"DEBUG=1",
					"$(inherited)",
				);
				GCC_WARN_64_TO_32_BIT_CONVERSION = YES;
				GCC_WARN_ABOUT_RETURN_TYPE = YES_ERROR;
				GCC_WARN_UNDECLARED_SELECTOR = YES;
				GCC_WARN_UNINITIALIZED_AUTOS = YES_AGGRESSIVE;
				GCC_WARN_UNUSED_FUNCTION = YES;
				GCC_WARN_UNUSED_VARIABLE = YES;
				IPHONEOS_DEPLOYMENT_TARGET = 17.0;
				LOCALIZATION_PREFERS_STRING_CATALOGS = YES;
				MTL_ENABLE_DEBUG_INFO = INCLUDE_SOURCE;
				MTL_FAST_MATH = YES;
				ONLY_ACTIVE_ARCH = YES;
				SDKROOT = iphoneos;
				SWIFT_ACTIVE_COMPILATION_CONDITIONS = "DEBUG $(inherited)";
				SWIFT_OPTIMIZATION_LEVEL = "-Onone";
			};
			name = Debug;
		};
		574E1C1C2AD9C3BA007146C3 /* Release */ = {
			isa = XCBuildConfiguration;
			buildSettings = {
				ALWAYS_SEARCH_USER_PATHS = NO;
				ASSETCATALOG_COMPILER_GENERATE_SWIFT_ASSET_SYMBOL_EXTENSIONS = YES;
				CLANG_ANALYZER_NONNULL = YES;
				CLANG_ANALYZER_NUMBER_OBJECT_CONVERSION = YES_AGGRESSIVE;
				CLANG_CXX_LANGUAGE_STANDARD = "gnu++20";
				CLANG_ENABLE_MODULES = YES;
				CLANG_ENABLE_OBJC_ARC = YES;
				CLANG_ENABLE_OBJC_WEAK = YES;
				CLANG_WARN_BLOCK_CAPTURE_AUTORELEASING = YES;
				CLANG_WARN_BOOL_CONVERSION = YES;
				CLANG_WARN_COMMA = YES;
				CLANG_WARN_CONSTANT_CONVERSION = YES;
				CLANG_WARN_DEPRECATED_OBJC_IMPLEMENTATIONS = YES;
				CLANG_WARN_DIRECT_OBJC_ISA_USAGE = YES_ERROR;
				CLANG_WARN_DOCUMENTATION_COMMENTS = YES;
				CLANG_WARN_EMPTY_BODY = YES;
				CLANG_WARN_ENUM_CONVERSION = YES;
				CLANG_WARN_INFINITE_RECURSION = YES;
				CLANG_WARN_INT_CONVERSION = YES;
				CLANG_WARN_NON_LITERAL_NULL_CONVERSION = YES;
				CLANG_WARN_OBJC_IMPLICIT_RETAIN_SELF = YES;
				CLANG_WARN_OBJC_LITERAL_CONVERSION = YES;
				CLANG_WARN_OBJC_ROOT_CLASS = YES_ERROR;
				CLANG_WARN_QUOTED_INCLUDE_IN_FRAMEWORK_HEADER = YES;
				CLANG_WARN_RANGE_LOOP_ANALYSIS = YES;
				CLANG_WARN_STRICT_PROTOTYPES = YES;
				CLANG_WARN_SUSPICIOUS_MOVE = YES;
				CLANG_WARN_UNGUARDED_AVAILABILITY = YES_AGGRESSIVE;
				CLANG_WARN_UNREACHABLE_CODE = YES;
				CLANG_WARN__DUPLICATE_METHOD_MATCH = YES;
				COPY_PHASE_STRIP = NO;
				DEBUG_INFORMATION_FORMAT = "dwarf-with-dsym";
				ENABLE_NS_ASSERTIONS = NO;
				ENABLE_STRICT_OBJC_MSGSEND = YES;
				ENABLE_USER_SCRIPT_SANDBOXING = YES;
				GCC_C_LANGUAGE_STANDARD = gnu17;
				GCC_NO_COMMON_BLOCKS = YES;
				GCC_WARN_64_TO_32_BIT_CONVERSION = YES;
				GCC_WARN_ABOUT_RETURN_TYPE = YES_ERROR;
				GCC_WARN_UNDECLARED_SELECTOR = YES;
				GCC_WARN_UNINITIALIZED_AUTOS = YES_AGGRESSIVE;
				GCC_WARN_UNUSED_FUNCTION = YES;
				GCC_WARN_UNUSED_VARIABLE = YES;
				IPHONEOS_DEPLOYMENT_TARGET = 17.0;
				LOCALIZATION_PREFERS_STRING_CATALOGS = YES;
				MTL_ENABLE_DEBUG_INFO = NO;
				MTL_FAST_MATH = YES;
				SDKROOT = iphoneos;
				SWIFT_COMPILATION_MODE = wholemodule;
				VALIDATE_PRODUCT = YES;
			};
			name = Release;
		};
		574E1C1E2AD9C3BA007146C3 /* Debug */ = {
			isa = XCBuildConfiguration;
			buildSettings = {
				ASSETCATALOG_COMPILER_APPICON_NAME = AppIcon;
				ASSETCATALOG_COMPILER_GLOBAL_ACCENT_COLOR_NAME = AccentColor;
				CODE_SIGN_STYLE = Automatic;
				CURRENT_PROJECT_VERSION = 1;
				DEVELOPMENT_ASSET_PATHS = "\"ulut0002-mad9137-assignment-1/Preview Content\"";
				DEVELOPMENT_TEAM = 3NJJC3ZC7F;
				ENABLE_PREVIEWS = YES;
				GENERATE_INFOPLIST_FILE = YES;
				INFOPLIST_KEY_UIApplicationSceneManifest_Generation = YES;
				INFOPLIST_KEY_UIApplicationSupportsIndirectInputEvents = YES;
				INFOPLIST_KEY_UILaunchScreen_Generation = YES;
				INFOPLIST_KEY_UISupportedInterfaceOrientations_iPad = "UIInterfaceOrientationPortrait UIInterfaceOrientationPortraitUpsideDown UIInterfaceOrientationLandscapeLeft UIInterfaceOrientationLandscapeRight";
				INFOPLIST_KEY_UISupportedInterfaceOrientations_iPhone = "UIInterfaceOrientationPortrait UIInterfaceOrientationLandscapeLeft UIInterfaceOrientationLandscapeRight";
				LD_RUNPATH_SEARCH_PATHS = (
					"$(inherited)",
					"@executable_path/Frameworks",
				);
				MARKETING_VERSION = 1.0;
				PRODUCT_BUNDLE_IDENTIFIER = "ca.serdar.ulut0002-mad9137-assignment-1";
				PRODUCT_NAME = "$(TARGET_NAME)";
				SWIFT_EMIT_LOC_STRINGS = YES;
				SWIFT_VERSION = 5.0;
				TARGETED_DEVICE_FAMILY = "1,2";
			};
			name = Debug;
		};
		574E1C1F2AD9C3BA007146C3 /* Release */ = {
			isa = XCBuildConfiguration;
			buildSettings = {
				ASSETCATALOG_COMPILER_APPICON_NAME = AppIcon;
				ASSETCATALOG_COMPILER_GLOBAL_ACCENT_COLOR_NAME = AccentColor;
				CODE_SIGN_STYLE = Automatic;
				CURRENT_PROJECT_VERSION = 1;
				DEVELOPMENT_ASSET_PATHS = "\"ulut0002-mad9137-assignment-1/Preview Content\"";
				DEVELOPMENT_TEAM = 3NJJC3ZC7F;
				ENABLE_PREVIEWS = YES;
				GENERATE_INFOPLIST_FILE = YES;
				INFOPLIST_KEY_UIApplicationSceneManifest_Generation = YES;
				INFOPLIST_KEY_UIApplicationSupportsIndirectInputEvents = YES;
				INFOPLIST_KEY_UILaunchScreen_Generation = YES;
				INFOPLIST_KEY_UISupportedInterfaceOrientations_iPad = "UIInterfaceOrientationPortrait UIInterfaceOrientationPortraitUpsideDown UIInterfaceOrientationLandscapeLeft UIInterfaceOrientationLandscapeRight";
				INFOPLIST_KEY_UISupportedInterfaceOrientations_iPhone = "UIInterfaceOrientationPortrait UIInterfaceOrientationLandscapeLeft UIInterfaceOrientationLandscapeRight";
				LD_RUNPATH_SEARCH_PATHS = (
					"$(inherited)",
					"@executable_path/Frameworks",
				);
				MARKETING_VERSION = 1.0;
				PRODUCT_BUNDLE_IDENTIFIER = "ca.serdar.ulut0002-mad9137-assignment-1";
				PRODUCT_NAME = "$(TARGET_NAME)";
				SWIFT_EMIT_LOC_STRINGS = YES;
				SWIFT_VERSION = 5.0;
				TARGETED_DEVICE_FAMILY = "1,2";
			};
			name = Release;
		};
		574E1C212AD9C3BA007146C3 /* Debug */ = {
			isa = XCBuildConfiguration;
			buildSettings = {
				ALWAYS_EMBED_SWIFT_STANDARD_LIBRARIES = YES;
				BUNDLE_LOADER = "$(TEST_HOST)";
				CODE_SIGN_STYLE = Automatic;
				CURRENT_PROJECT_VERSION = 1;
				DEVELOPMENT_TEAM = 3NJJC3ZC7F;
				GENERATE_INFOPLIST_FILE = YES;
				IPHONEOS_DEPLOYMENT_TARGET = 17.0;
				MARKETING_VERSION = 1.0;
				PRODUCT_BUNDLE_IDENTIFIER = "ca.serdar.ulut0002-mad9137-assignment-1Tests";
				PRODUCT_NAME = "$(TARGET_NAME)";
				SWIFT_EMIT_LOC_STRINGS = NO;
				SWIFT_VERSION = 5.0;
				TARGETED_DEVICE_FAMILY = "1,2";
				TEST_HOST = "$(BUILT_PRODUCTS_DIR)/ulut0002-mad9137-assignment-1.app/$(BUNDLE_EXECUTABLE_FOLDER_PATH)/ulut0002-mad9137-assignment-1";
			};
			name = Debug;
		};
		574E1C222AD9C3BA007146C3 /* Release */ = {
			isa = XCBuildConfiguration;
			buildSettings = {
				ALWAYS_EMBED_SWIFT_STANDARD_LIBRARIES = YES;
				BUNDLE_LOADER = "$(TEST_HOST)";
				CODE_SIGN_STYLE = Automatic;
				CURRENT_PROJECT_VERSION = 1;
				DEVELOPMENT_TEAM = 3NJJC3ZC7F;
				GENERATE_INFOPLIST_FILE = YES;
				IPHONEOS_DEPLOYMENT_TARGET = 17.0;
				MARKETING_VERSION = 1.0;
				PRODUCT_BUNDLE_IDENTIFIER = "ca.serdar.ulut0002-mad9137-assignment-1Tests";
				PRODUCT_NAME = "$(TARGET_NAME)";
				SWIFT_EMIT_LOC_STRINGS = NO;
				SWIFT_VERSION = 5.0;
				TARGETED_DEVICE_FAMILY = "1,2";
				TEST_HOST = "$(BUILT_PRODUCTS_DIR)/ulut0002-mad9137-assignment-1.app/$(BUNDLE_EXECUTABLE_FOLDER_PATH)/ulut0002-mad9137-assignment-1";
			};
			name = Release;
		};
		574E1C242AD9C3BA007146C3 /* Debug */ = {
			isa = XCBuildConfiguration;
			buildSettings = {
				ALWAYS_EMBED_SWIFT_STANDARD_LIBRARIES = YES;
				CODE_SIGN_STYLE = Automatic;
				CURRENT_PROJECT_VERSION = 1;
				DEVELOPMENT_TEAM = 3NJJC3ZC7F;
				GENERATE_INFOPLIST_FILE = YES;
				MARKETING_VERSION = 1.0;
				PRODUCT_BUNDLE_IDENTIFIER = "ca.serdar.ulut0002-mad9137-assignment-1UITests";
				PRODUCT_NAME = "$(TARGET_NAME)";
				SWIFT_EMIT_LOC_STRINGS = NO;
				SWIFT_VERSION = 5.0;
				TARGETED_DEVICE_FAMILY = "1,2";
				TEST_TARGET_NAME = "ulut0002-mad9137-assignment-1";
			};
			name = Debug;
		};
		574E1C252AD9C3BA007146C3 /* Release */ = {
			isa = XCBuildConfiguration;
			buildSettings = {
				ALWAYS_EMBED_SWIFT_STANDARD_LIBRARIES = YES;
				CODE_SIGN_STYLE = Automatic;
				CURRENT_PROJECT_VERSION = 1;
				DEVELOPMENT_TEAM = 3NJJC3ZC7F;
				GENERATE_INFOPLIST_FILE = YES;
				MARKETING_VERSION = 1.0;
				PRODUCT_BUNDLE_IDENTIFIER = "ca.serdar.ulut0002-mad9137-assignment-1UITests";
				PRODUCT_NAME = "$(TARGET_NAME)";
				SWIFT_EMIT_LOC_STRINGS = NO;
				SWIFT_VERSION = 5.0;
				TARGETED_DEVICE_FAMILY = "1,2";
				TEST_TARGET_NAME = "ulut0002-mad9137-assignment-1";
			};
			name = Release;
		};
/* End XCBuildConfiguration section */

/* Begin XCConfigurationList section */
		574E1BF42AD9C3B9007146C3 /* Build configuration list for PBXProject "ulut0002-mad9137-assignment-1" */ = {
			isa = XCConfigurationList;
			buildConfigurations = (
				574E1C1B2AD9C3BA007146C3 /* Debug */,
				574E1C1C2AD9C3BA007146C3 /* Release */,
			);
			defaultConfigurationIsVisible = 0;
			defaultConfigurationName = Release;
		};
		574E1C1D2AD9C3BA007146C3 /* Build configuration list for PBXNativeTarget "ulut0002-mad9137-assignment-1" */ = {
			isa = XCConfigurationList;
			buildConfigurations = (
				574E1C1E2AD9C3BA007146C3 /* Debug */,
				574E1C1F2AD9C3BA007146C3 /* Release */,
			);
			defaultConfigurationIsVisible = 0;
			defaultConfigurationName = Release;
		};
		574E1C202AD9C3BA007146C3 /* Build configuration list for PBXNativeTarget "ulut0002-mad9137-assignment-1Tests" */ = {
			isa = XCConfigurationList;
			buildConfigurations = (
				574E1C212AD9C3BA007146C3 /* Debug */,
				574E1C222AD9C3BA007146C3 /* Release */,
			);
			defaultConfigurationIsVisible = 0;
			defaultConfigurationName = Release;
		};
		574E1C232AD9C3BA007146C3 /* Build configuration list for PBXNativeTarget "ulut0002-mad9137-assignment-1UITests" */ = {
			isa = XCConfigurationList;
			buildConfigurations = (
				574E1C242AD9C3BA007146C3 /* Debug */,
				574E1C252AD9C3BA007146C3 /* Release */,
			);
			defaultConfigurationIsVisible = 0;
			defaultConfigurationName = Release;
		};
/* End XCConfigurationList section */
	};
	rootObject = 574E1BF12AD9C3B9007146C3 /* Project object */;
}
